
Microsoft Visual Studio Solution File, Format Version 12.00
# Visual Studio Version 17
VisualStudioVersion = 17.14.36310.24 d17.14
MinimumVisualStudioVersion = 10.0.40219.1
Project("{FAE04EC0-301F-11D3-BF4B-00C04F79EFBC}") = "JobApplication.API", "JobApplication.API.csproj", "{277DD9D3-F2C2-443C-AF75-F819D8BF85C8}"
EndProject
Project("{FAE04EC0-301F-11D3-BF4B-00C04F79EFBC}") = "JobApplication.Infrastructure", "..\JobApplication.Infrastructure\JobApplication.Infrastructure.csproj", "{9E5C0743-54A1-4942-95B2-785F63765722}"
EndProject
Project("{FAE04EC0-301F-11D3-BF4B-00C04F79EFBC}") = "JobApplication.Application", "..\JobApplication.Applicationn\JobApplication.Application.csproj", "{34D0DE7C-1718-4B29-AA65-6BEAFE13C4A3}"
EndProject
Project("{FAE04EC0-301F-11D3-BF4B-00C04F79EFBC}") = "JobApplication.Domain", "..\JobApplication.Domain\JobApplication.Domain.csproj", "{39FC20B0-31AD-4C3E-9874-D98DC3F8D5E4}"
EndProject
Global
	GlobalSection(SolutionConfigurationPlatforms) = preSolution
		Debug|Any CPU = Debug|Any CPU
		Release|Any CPU = Release|Any CPU
	EndGlobalSection
	GlobalSection(ProjectConfigurationPlatforms) = postSolution
		{277DD9D3-F2C2-443C-AF75-F819D8BF85C8}.Debug|Any CPU.ActiveCfg = Debug|Any CPU
		{277DD9D3-F2C2-443C-AF75-F819D8BF85C8}.Debug|Any CPU.Build.0 = Debug|Any CPU
		{277DD9D3-F2C2-443C-AF75-F819D8BF85C8}.Release|Any CPU.ActiveCfg = Release|Any CPU
		{277DD9D3-F2C2-443C-AF75-F819D8BF85C8}.Release|Any CPU.Build.0 = Release|Any CPU
		{9E5C0743-54A1-4942-95B2-785F63765722}.Debug|Any CPU.ActiveCfg = Debug|Any CPU
		{9E5C0743-54A1-4942-95B2-785F63765722}.Debug|Any CPU.Build.0 = Debug|Any CPU
		{9E5C0743-54A1-4942-95B2-785F63765722}.Release|Any CPU.ActiveCfg = Release|Any CPU
		{9E5C0743-54A1-4942-95B2-785F63765722}.Release|Any CPU.Build.0 = Release|Any CPU
		{34D0DE7C-1718-4B29-AA65-6BEAFE13C4A3}.Debug|Any CPU.ActiveCfg = Debug|Any CPU
		{34D0DE7C-1718-4B29-AA65-6BEAFE13C4A3}.Debug|Any CPU.Build.0 = Debug|Any CPU
		{34D0DE7C-1718-4B29-AA65-6BEAFE13C4A3}.Release|Any CPU.ActiveCfg = Release|Any CPU
		{34D0DE7C-1718-4B29-AA65-6BEAFE13C4A3}.Release|Any CPU.Build.0 = Release|Any CPU
		{39FC20B0-31AD-4C3E-9874-D98DC3F8D5E4}.Debug|Any CPU.ActiveCfg = Debug|Any CPU
		{39FC20B0-31AD-4C3E-9874-D98DC3F8D5E4}.Debug|Any CPU.Build.0 = Debug|Any CPU
		{39FC20B0-31AD-4C3E-9874-D98DC3F8D5E4}.Release|Any CPU.ActiveCfg = Release|Any CPU
		{39FC20B0-31AD-4C3E-9874-D98DC3F8D5E4}.Release|Any CPU.Build.0 = Release|Any CPU
	EndGlobalSection
	GlobalSection(SolutionProperties) = preSolution
		HideSolutionNode = FALSE
	EndGlobalSection
	GlobalSection(ExtensibilityGlobals) = postSolution
		SolutionGuid = {90158897-AD7B-448B-9862-44D10D214E06}
	EndGlobalSection
EndGlobal
